
Microsoft Visual Studio Solution File, Format Version 12.00
# Visual Studio Version 16
VisualStudioVersion = 16.0.30413.136
MinimumVisualStudioVersion = 10.0.40219.1
Project("{FAE04EC0-301F-11D3-BF4B-00C04F79EFBC}") = "Cinema", "Cinema\Cinema.csproj", "{84A01150-C600-410F-94BB-B5CB5E33DFD0}"
EndProject
Project("{FAE04EC0-301F-11D3-BF4B-00C04F79EFBC}") = "DataAccessObject", "DataAccessObject\DataAccessObject.csproj", "{2D595A62-96A5-41D6-A1B6-531A016F1FB2}"
EndProject
Global
	GlobalSection(SolutionConfigurationPlatforms) = preSolution
		Debug|Any CPU = Debug|Any CPU
		Release|Any CPU = Release|Any CPU
	EndGlobalSection
	GlobalSection(ProjectConfigurationPlatforms) = postSolution
		{84A01150-C600-410F-94BB-B5CB5E33DFD0}.Debug|Any CPU.ActiveCfg = Debug|Any CPU
		{84A01150-C600-410F-94BB-B5CB5E33DFD0}.Debug|Any CPU.Build.0 = Debug|Any CPU
		{84A01150-C600-410F-94BB-B5CB5E33DFD0}.Release|Any CPU.ActiveCfg = Release|Any CPU
		{84A01150-C600-410F-94BB-B5CB5E33DFD0}.Release|Any CPU.Build.0 = Release|Any CPU
		{2D595A62-96A5-41D6-A1B6-531A016F1FB2}.Debug|Any CPU.ActiveCfg = Debug|Any CPU
		{2D595A62-96A5-41D6-A1B6-531A016F1FB2}.Debug|Any CPU.Build.0 = Debug|Any CPU
		{2D595A62-96A5-41D6-A1B6-531A016F1FB2}.Release|Any CPU.ActiveCfg = Release|Any CPU
		{2D595A62-96A5-41D6-A1B6-531A016F1FB2}.Release|Any CPU.Build.0 = Release|Any CPU
	EndGlobalSection
	GlobalSection(SolutionProperties) = preSolution
		HideSolutionNode = FALSE
	EndGlobalSection
	GlobalSection(ExtensibilityGlobals) = postSolution
		SolutionGuid = {B3A7CA6F-E859-43BD-80E1-EBC3E60BE919}
	EndGlobalSection
EndGlobal
